Microsoft Visual Studio Solution File, Format Version 12.00
# Visual Studio Version 17
VisualStudioVersion = 17.5.2.0
MinimumVisualStudioVersion = 10.0.40219.1
# NOTE (TASK-OPS-AOFENV, 2026-06-07): the MauiSample test fixture
# (tests/fixtures/sample_projects/maui_sample/MauiSample.csproj) was removed
# from this solution. It targets out-of-support net8.0 MAUI workloads, so a
# solution-level `dotnet restore guardkit.sln` during the autobuild
# environment bootstrap failed on those workloads (run-9 anomaly G, 12/13).
# The fixture is Python-irrelevant to the FEAT-AOF orchestrator tasks and is
# still exercised on-disk by tests/integration/test_template_create_e2e.py
# (which discovers it via rglob, not via this solution). Keeping this
# solution empty lets the bootstrap restore no-op cleanly.
Global
	GlobalSection(SolutionConfigurationPlatforms) = preSolution
		Debug|Any CPU = Debug|Any CPU
		Release|Any CPU = Release|Any CPU
	EndGlobalSection
	GlobalSection(SolutionProperties) = preSolution
		HideSolutionNode = FALSE
	EndGlobalSection
	GlobalSection(ExtensibilityGlobals) = postSolution
		SolutionGuid = {8196FA06-3CF3-4035-924F-C16EAD456621}
	EndGlobalSection
EndGlobal
